
Microsoft Visual Studio Solution File, Format Version 12.00
# Visual Studio Version 17
VisualStudioVersion = 17.7.34031.279
MinimumVisualStudioVersion = 10.0.40219.1
Project("{FAE04EC0-301F-11D3-BF4B-00C04F79EFBC}") = "StudentUsos", "StudentUsos\StudentUsos.csproj", "{1A200B68-C8C4-4F11-8322-8FB959321B5F}"
EndProject
Project("{FAE04EC0-301F-11D3-BF4B-00C04F79EFBC}") = "UnitTests", "UnitTests\UnitTests.csproj", "{13F0FBBB-535E-4540-9894-A4F134F806B6}"
EndProject
Global
	GlobalSection(SolutionConfigurationPlatforms) = preSolution
		Debug|Any CPU = Debug|Any CPU
		Release|Any CPU = Release|Any CPU
	EndGlobalSection
	GlobalSection(ProjectConfigurationPlatforms) = postSolution
		{1A200B68-C8C4-4F11-8322-8FB959321B5F}.Debug|Any CPU.ActiveCfg = Debug|Any CPU
		{1A200B68-C8C4-4F11-8322-8FB959321B5F}.Debug|Any CPU.Build.0 = Debug|Any CPU
		{1A200B68-C8C4-4F11-8322-8FB959321B5F}.Debug|Any CPU.Deploy.0 = Debug|Any CPU
		{1A200B68-C8C4-4F11-8322-8FB959321B5F}.Release|Any CPU.ActiveCfg = Release|Any CPU
		{1A200B68-C8C4-4F11-8322-8FB959321B5F}.Release|Any CPU.Build.0 = Release|Any CPU
		{1A200B68-C8C4-4F11-8322-8FB959321B5F}.Release|Any CPU.Deploy.0 = Release|Any CPU
		{13F0FBBB-535E-4540-9894-A4F134F806B6}.Debug|Any CPU.ActiveCfg = Debug|Any CPU
		{13F0FBBB-535E-4540-9894-A4F134F806B6}.Debug|Any CPU.Build.0 = Debug|Any CPU
		{13F0FBBB-535E-4540-9894-A4F134F806B6}.Release|Any CPU.ActiveCfg = Release|Any CPU
		{13F0FBBB-535E-4540-9894-A4F134F806B6}.Release|Any CPU.Build.0 = Release|Any CPU
	EndGlobalSection
	GlobalSection(SolutionProperties) = preSolution
		HideSolutionNode = FALSE
	EndGlobalSection
	GlobalSection(ExtensibilityGlobals) = postSolution
		SolutionGuid = {D829D724-B8C8-4197-8652-B6663BDA33DA}
	EndGlobalSection
EndGlobal
